
Microsoft Visual Studio Solution File, Format Version 12.00
# Visual Studio Version 17
VisualStudioVersion = 17.2.32526.322
MinimumVisualStudioVersion = 10.0.40219.1
Project("{9A19103F-16F7-4668-BE54-9A1E7A4F7556}") = "TinyKnight", "TinyKnight.csproj", "{253BB917-7609-4CB5-8DAD-0C24CA94607B}"
EndProject
Project("{2150E333-8FDC-42A3-9474-1A3956D46DE8}") = "Solution Items", "Solution Items", "{5D91EC0B-639F-40C1-9D94-3375D71942FC}"
	ProjectSection(SolutionItems) = preProject
		.editorconfig = .editorconfig
	EndProjectSection
EndProject
Global
	GlobalSection(SolutionConfigurationPlatforms) = preSolution
		Debug|Any CPU = Debug|Any CPU
		Release|Any CPU = Release|Any CPU
	EndGlobalSection
	GlobalSection(ProjectConfigurationPlatforms) = postSolution
		{253BB917-7609-4CB5-8DAD-0C24CA94607B}.Debug|Any CPU.ActiveCfg = Debug|Any CPU
		{253BB917-7609-4CB5-8DAD-0C24CA94607B}.Debug|Any CPU.Build.0 = Debug|Any CPU
		{253BB917-7609-4CB5-8DAD-0C24CA94607B}.Release|Any CPU.ActiveCfg = Release|Any CPU
		{253BB917-7609-4CB5-8DAD-0C24CA94607B}.Release|Any CPU.Build.0 = Release|Any CPU
	EndGlobalSection
	GlobalSection(SolutionProperties) = preSolution
		HideSolutionNode = FALSE
	EndGlobalSection
	GlobalSection(ExtensibilityGlobals) = postSolution
		SolutionGuid = {EB70032E-B2CA-4BE0-BAF0-46827CBFC6A4}
	EndGlobalSection
EndGlobal
